
Microsoft Visual Studio Solution File, Format Version 12.00
# Visual Studio Version 16
VisualStudioVersion = 16.0.32228.343
MinimumVisualStudioVersion = 10.0.40219.1
Project("{2150E333-8FDC-42A3-9474-1A3956D46DE8}") = "Chapter02", "Chapter02", "{74323840-E13E-4498-BCFF-C65097374C0A}"
EndProject
Project("{FAE04EC0-301F-11D3-BF4B-00C04F79EFBC}") = "DistanceConverter", "Chapter02\DistanceConverter\DistanceConverter.csproj", "{9712F4F9-F813-4D74-A591-D10858757637}"
EndProject
Project("{FAE04EC0-301F-11D3-BF4B-00C04F79EFBC}") = "SalecesCalculator", "Chapter02\SalecesCalculator\SalecesCalculator.csproj", "{90D346A4-B982-4A00-9815-A8A7A10D045D}"
EndProject
Project("{FAE04EC0-301F-11D3-BF4B-00C04F79EFBC}") = "Exercise2", "Chapter02\Exercise2\Exercise2.csproj", "{9CD2E90D-39D6-4AE0-8B40-58BF124E935A}"
EndProject
Project("{FAE04EC0-301F-11D3-BF4B-00C04F79EFBC}") = "Exercise3", "Exercise3\Exercise3.csproj", "{6608FFE3-0E58-4561-BCBF-39316C7C142D}"
EndProject
Project("{2150E333-8FDC-42A3-9474-1A3956D46DE8}") = "Chapter03", "Chapter03", "{EB9DB6D0-E34B-425F-8ECA-59C19EF514C6}"
EndProject
Project("{FAE04EC0-301F-11D3-BF4B-00C04F79EFBC}") = "Section01", "Chapter03\Section01\Section01.csproj", "{84493F12-6F3F-4E35-8BDF-620CBF225BD3}"
EndProject
Project("{FAE04EC0-301F-11D3-BF4B-00C04F79EFBC}") = "Exercise01", "Chapter03\Exercise01\Exercise01.csproj", "{35E88179-AA84-4F35-8612-06D64194853C}"
EndProject
Project("{FAE04EC0-301F-11D3-BF4B-00C04F79EFBC}") = "Section04", "Chapter03\Section04\Section04.csproj", "{D13D828E-5B8B-4051-8D31-AA8B978714C9}"
EndProject
Project("{FAE04EC0-301F-11D3-BF4B-00C04F79EFBC}") = "Exercise02", "Chapter03\Exercise02\Exercise02.csproj", "{63998523-E9B2-455E-8325-4B7C2AE673E2}"
EndProject
Global
	GlobalSection(SolutionConfigurationPlatforms) = preSolution
		Debug|Any CPU = Debug|Any CPU
		Release|Any CPU = Release|Any CPU
	EndGlobalSection
	GlobalSection(ProjectConfigurationPlatforms) = postSolution
		{9712F4F9-F813-4D74-A591-D10858757637}.Debug|Any CPU.ActiveCfg = Debug|Any CPU
		{9712F4F9-F813-4D74-A591-D10858757637}.Debug|Any CPU.Build.0 = Debug|Any CPU
		{9712F4F9-F813-4D74-A591-D10858757637}.Release|Any CPU.ActiveCfg = Release|Any CPU
		{9712F4F9-F813-4D74-A591-D10858757637}.Release|Any CPU.Build.0 = Release|Any CPU
		{90D346A4-B982-4A00-9815-A8A7A10D045D}.Debug|Any CPU.ActiveCfg = Debug|Any CPU
		{90D346A4-B982-4A00-9815-A8A7A10D045D}.Debug|Any CPU.Build.0 = Debug|Any CPU
		{90D346A4-B982-4A00-9815-A8A7A10D045D}.Release|Any CPU.ActiveCfg = Release|Any CPU
		{90D346A4-B982-4A00-9815-A8A7A10D045D}.Release|Any CPU.Build.0 = Release|Any CPU
		{9CD2E90D-39D6-4AE0-8B40-58BF124E935A}.Debug|Any CPU.ActiveCfg = Debug|Any CPU
		{9CD2E90D-39D6-4AE0-8B40-58BF124E935A}.Debug|Any CPU.Build.0 = Debug|Any CPU
		{9CD2E90D-39D6-4AE0-8B40-58BF124E935A}.Release|Any CPU.ActiveCfg = Release|Any CPU
		{9CD2E90D-39D6-4AE0-8B40-58BF124E935A}.Release|Any CPU.Build.0 = Release|Any CPU
		{6608FFE3-0E58-4561-BCBF-39316C7C142D}.Debug|Any CPU.ActiveCfg = Debug|Any CPU
		{6608FFE3-0E58-4561-BCBF-39316C7C142D}.Debug|Any CPU.Build.0 = Debug|Any CPU
		{6608FFE3-0E58-4561-BCBF-39316C7C142D}.Release|Any CPU.ActiveCfg = Release|Any CPU
		{6608FFE3-0E58-4561-BCBF-39316C7C142D}.Release|Any CPU.Build.0 = Release|Any CPU
		{84493F12-6F3F-4E35-8BDF-620CBF225BD3}.Debug|Any CPU.ActiveCfg = Debug|Any CPU
		{84493F12-6F3F-4E35-8BDF-620CBF225BD3}.Debug|Any CPU.Build.0 = Debug|Any CPU
		{84493F12-6F3F-4E35-8BDF-620CBF225BD3}.Release|Any CPU.ActiveCfg = Release|Any CPU
		{84493F12-6F3F-4E35-8BDF-620CBF225BD3}.Release|Any CPU.Build.0 = Release|Any CPU
		{35E88179-AA84-4F35-8612-06D64194853C}.Debug|Any CPU.ActiveCfg = Debug|Any CPU
		{35E88179-AA84-4F35-8612-06D64194853C}.Debug|Any CPU.Build.0 = Debug|Any CPU
		{35E88179-AA84-4F35-8612-06D64194853C}.Release|Any CPU.ActiveCfg = Release|Any CPU
		{35E88179-AA84-4F35-8612-06D64194853C}.Release|Any CPU.Build.0 = Release|Any CPU
		{D13D828E-5B8B-4051-8D31-AA8B978714C9}.Debug|Any CPU.ActiveCfg = Debug|Any CPU
		{D13D828E-5B8B-4051-8D31-AA8B978714C9}.Debug|Any CPU.Build.0 = Debug|Any CPU
		{D13D828E-5B8B-4051-8D31-AA8B978714C9}.Release|Any CPU.ActiveCfg = Release|Any CPU
		{D13D828E-5B8B-4051-8D31-AA8B978714C9}.Release|Any CPU.Build.0 = Release|Any CPU
		{63998523-E9B2-455E-8325-4B7C2AE673E2}.Debug|Any CPU.ActiveCfg = Debug|Any CPU
		{63998523-E9B2-455E-8325-4B7C2AE673E2}.Debug|Any CPU.Build.0 = Debug|Any CPU
		{63998523-E9B2-455E-8325-4B7C2AE673E2}.Release|Any CPU.ActiveCfg = Release|Any CPU
		{63998523-E9B2-455E-8325-4B7C2AE673E2}.Release|Any CPU.Build.0 = Release|Any CPU
	EndGlobalSection
	GlobalSection(SolutionProperties) = preSolution
		HideSolutionNode = FALSE
	EndGlobalSection
	GlobalSection(NestedProjects) = preSolution
		{9712F4F9-F813-4D74-A591-D10858757637} = {74323840-E13E-4498-BCFF-C65097374C0A}
		{90D346A4-B982-4A00-9815-A8A7A10D045D} = {74323840-E13E-4498-BCFF-C65097374C0A}
		{9CD2E90D-39D6-4AE0-8B40-58BF124E935A} = {74323840-E13E-4498-BCFF-C65097374C0A}
		{6608FFE3-0E58-4561-BCBF-39316C7C142D} = {74323840-E13E-4498-BCFF-C65097374C0A}
		{84493F12-6F3F-4E35-8BDF-620CBF225BD3} = {EB9DB6D0-E34B-425F-8ECA-59C19EF514C6}
		{35E88179-AA84-4F35-8612-06D64194853C} = {EB9DB6D0-E34B-425F-8ECA-59C19EF514C6}
		{D13D828E-5B8B-4051-8D31-AA8B978714C9} = {EB9DB6D0-E34B-425F-8ECA-59C19EF514C6}
		{63998523-E9B2-455E-8325-4B7C2AE673E2} = {EB9DB6D0-E34B-425F-8ECA-59C19EF514C6}
	EndGlobalSection
	GlobalSection(ExtensibilityGlobals) = postSolution
		SolutionGuid = {B492161C-E013-4C30-A0D1-159879055BEA}
	EndGlobalSection
EndGlobal
