
Microsoft Visual Studio Solution File, Format Version 12.00
# Visual Studio Version 16
VisualStudioVersion = 16.0.32228.343
MinimumVisualStudioVersion = 10.0.40219.1
Project("{2150E333-8FDC-42A3-9474-1A3956D46DE8}") = "Chapter02", "Chapter02", "{74323840-E13E-4498-BCFF-C65097374C0A}"
EndProject
Project("{FAE04EC0-301F-11D3-BF4B-00C04F79EFBC}") = "DistanceConverter", "Chapter02\DistanceConverter\DistanceConverter.csproj", "{9712F4F9-F813-4D74-A591-D10858757637}"
EndProject
Project("{FAE04EC0-301F-11D3-BF4B-00C04F79EFBC}") = "SalecesCalculator", "Chapter02\SalecesCalculator\SalecesCalculator.csproj", "{90D346A4-B982-4A00-9815-A8A7A10D045D}"
EndProject
Project("{FAE04EC0-301F-11D3-BF4B-00C04F79EFBC}") = "Exercise2", "Chapter02\Exercise2\Exercise2.csproj", "{9CD2E90D-39D6-4AE0-8B40-58BF124E935A}"
EndProject
Project("{FAE04EC0-301F-11D3-BF4B-00C04F79EFBC}") = "Exercise3", "Exercise3\Exercise3.csproj", "{6608FFE3-0E58-4561-BCBF-39316C7C142D}"
EndProject
Project("{2150E333-8FDC-42A3-9474-1A3956D46DE8}") = "Chapter03", "Chapter03", "{EB9DB6D0-E34B-425F-8ECA-59C19EF514C6}"
EndProject
Project("{FAE04EC0-301F-11D3-BF4B-00C04F79EFBC}") = "Section01", "Chapter03\Section01\Section01.csproj", "{84493F12-6F3F-4E35-8BDF-620CBF225BD3}"
EndProject
Project("{FAE04EC0-301F-11D3-BF4B-00C04F79EFBC}") = "Exercise01", "Chapter03\Exercise01\Exercise01.csproj", "{35E88179-AA84-4F35-8612-06D64194853C}"
EndProject
Project("{FAE04EC0-301F-11D3-BF4B-00C04F79EFBC}") = "Section04", "Chapter03\Section04\Section04.csproj", "{D13D828E-5B8B-4051-8D31-AA8B978714C9}"
EndProject
Project("{FAE04EC0-301F-11D3-BF4B-00C04F79EFBC}") = "Exercise02", "Chapter03\Exercise02\Exercise02.csproj", "{63998523-E9B2-455E-8325-4B7C2AE673E2}"
EndProject
Project("{2150E333-8FDC-42A3-9474-1A3956D46DE8}") = "Chapter04", "Chapter04", "{3A1D0DA3-9CFC-4338-A1CA-0886B3D7291F}"
EndProject
Project("{FAE04EC0-301F-11D3-BF4B-00C04F79EFBC}") = "Exercise01", "Chapter04\Exercise01\Exercise01.csproj", "{B5A68BE2-1131-411D-BA14-C1BDAEFE2BFC}"
EndProject
Project("{FAE04EC0-301F-11D3-BF4B-00C04F79EFBC}") = "Exercise02", "Chapter04\Exercise02\Exercise02.csproj", "{6AB67DAF-D832-4771-96A5-77E859E1F33D}"
EndProject
Project("{2150E333-8FDC-42A3-9474-1A3956D46DE8}") = "Chapter05", "Chapter05", "{195E34D2-10AA-422D-BC9A-09B824DE5322}"
EndProject
Project("{FAE04EC0-301F-11D3-BF4B-00C04F79EFBC}") = "Exercise01", "Chapter05\Exercise01\Exercise01.csproj", "{0E45A042-6CB8-4C40-8C89-140148D219B1}"
EndProject
Project("{FAE04EC0-301F-11D3-BF4B-00C04F79EFBC}") = "Exercise02", "Chapter05\Exercise02\Exercise02.csproj", "{985F2F74-137F-4139-9CCF-ACC834849805}"
EndProject
Project("{FAE04EC0-301F-11D3-BF4B-00C04F79EFBC}") = "Exercise03", "Chapter05\Exercise03\Exercise03.csproj", "{6974B376-973C-4E95-8961-E3F0242EE882}"
EndProject
Project("{FAE04EC0-301F-11D3-BF4B-00C04F79EFBC}") = "Exercise04", "Chapter05\Exercise04\Exercise04.csproj", "{DA394087-47F7-47FC-B327-1005200DA312}"
EndProject
Project("{2150E333-8FDC-42A3-9474-1A3956D46DE8}") = "Chapter06", "Chapter06", "{54143BD0-EE35-43E2-80AE-17FDE2E03C5D}"
EndProject
Project("{FAE04EC0-301F-11D3-BF4B-00C04F79EFBC}") = "Exercise01", "Chapter06\Exercise01\Exercise01.csproj", "{62C02265-8514-46F3-B2DF-A134F3400AAB}"
EndProject
Project("{2150E333-8FDC-42A3-9474-1A3956D46DE8}") = "FormAppSample", "FormAppSample", "{45578DD9-E0EC-4FD2-B9EA-7565EDBFED96}"
EndProject
Project("{FAE04EC0-301F-11D3-BF4B-00C04F79EFBC}") = "Sample0607", "FormAppSample\Sample0607\Sample0607.csproj", "{87B85D45-0D0F-44C8-AAC0-19D7F2220B91}"
EndProject
Project("{FAE04EC0-301F-11D3-BF4B-00C04F79EFBC}") = "Number Game", "FormAppSample\Number Game\Number Game.csproj", "{19BE4064-E824-4A32-8064-337A353D3B81}"
EndProject
Project("{FAE04EC0-301F-11D3-BF4B-00C04F79EFBC}") = "AddressBook", "FormAppSample\AddressBook\AddressBook.csproj", "{664DD0D9-DB6F-4EB5-BD3A-C5EF8F91BC6A}"
EndProject
Project("{2150E333-8FDC-42A3-9474-1A3956D46DE8}") = "Test202206", "Test202206", "{609679C5-3135-4AEC-988A-3552BCCB7099}"
EndProject
Project("{FAE04EC0-301F-11D3-BF4B-00C04F79EFBC}") = "Test01", "Test202206\TestProject\Test01\Test01.csproj", "{2BFACDC3-F44D-4199-8498-F5C3C4AC0335}"
EndProject
Project("{FAE04EC0-301F-11D3-BF4B-00C04F79EFBC}") = "Test02", "Test202206\TestProject\Test02\Test02.csproj", "{E461C0A8-8900-485C-B520-E929BA33F712}"
EndProject
Project("{2150E333-8FDC-42A3-9474-1A3956D46DE8}") = "Chapter11", "Chapter11", "{2F9BEC1C-B84B-4881-AB49-1B34DB68EC90}"
EndProject
Project("{FAE04EC0-301F-11D3-BF4B-00C04F79EFBC}") = "XmlSample", "Chapter11\XmlSample\XmlSample.csproj", "{074507D6-0601-4336-8583-F29E52C3DE84}"
EndProject
Project("{FAE04EC0-301F-11D3-BF4B-00C04F79EFBC}") = "RssReader", "Chapter11\RssReader\RssReader.csproj", "{806EDA8A-00F9-4BCF-A7CA-50244D32A2CB}"
EndProject
Project("{FAE04EC0-301F-11D3-BF4B-00C04F79EFBC}") = "Exercise1", "Chapter11\Exercise1\Exercise1.csproj", "{40B6A964-FF13-45D3-8691-8DC3D694D933}"
EndProject
Project("{2150E333-8FDC-42A3-9474-1A3956D46DE8}") = "Chapter12", "Chapter12", "{713407FA-94A3-4A30-8FE5-E6EA9C5FD08C}"
EndProject
Project("{FAE04EC0-301F-11D3-BF4B-00C04F79EFBC}") = "Section01", "Chapter12\Section01\Section01.csproj", "{86A96E00-6E5A-4D36-924E-DA6DF7F6586C}"
EndProject
Project("{FAE04EC0-301F-11D3-BF4B-00C04F79EFBC}") = "Section02", "Chapter12\Section02\Section02.csproj", "{F36FA059-15C9-4C45-900B-156A4C39C6B4}"
EndProject
Project("{FAE04EC0-301F-11D3-BF4B-00C04F79EFBC}") = "Exercise01", "Chapter12\Exercise01\Exercise01.csproj", "{EE9FD444-97A7-476C-9BBA-90AC3050FF1C}"
EndProject
Project("{FAE04EC0-301F-11D3-BF4B-00C04F79EFBC}") = "Exercise02", "Chapter12\Exercise02\Exercise02.csproj", "{DD7C1F8B-F3A8-435E-8669-9917FC32B86D}"
EndProject
Project("{2150E333-8FDC-42A3-9474-1A3956D46DE8}") = "CarReportSystem", "CarReportSystem", "{0C414AB8-A8DA-4897-86B0-61B8E0352A06}"
EndProject
Project("{FAE04EC0-301F-11D3-BF4B-00C04F79EFBC}") = "CarReportSystem", "CarReportSystem\CarReportSystem\CarReportSystem.csproj", "{B081404B-851B-495F-B5B6-25D1C1FE2F9B}"
EndProject
Project("{2150E333-8FDC-42A3-9474-1A3956D46DE8}") = "DesignPattern", "DesignPattern", "{2CAD43ED-AB02-4B44-B6E7-DD024BBBC2CE}"
EndProject
Project("{FAE04EC0-301F-11D3-BF4B-00C04F79EFBC}") = "SingletonSample", "DesignPattern\SingletonSample\SingletonSample.csproj", "{889DB3BC-ECDE-4DBD-A615-D19684922B17}"
EndProject
Project("{2150E333-8FDC-42A3-9474-1A3956D46DE8}") = "Chapter17", "Chapter17", "{6E676E6B-0230-4D2A-BE45-CFA2FF2B2A7B}"
EndProject
Project("{FAE04EC0-301F-11D3-BF4B-00C04F79EFBC}") = "Section01", "Chapter17\Section01\Section01.csproj", "{8E62C4BA-9AF3-4A52-BFD1-BD24AA62C4AC}"
EndProject
Project("{2150E333-8FDC-42A3-9474-1A3956D46DE8}") = "TemplateMethod", "TemplateMethod", "{6FA75630-37E5-4D6B-BD5C-C8B043F52EF2}"
EndProject
Project("{FAE04EC0-301F-11D3-BF4B-00C04F79EFBC}") = "TextFileProcessor", "Chapter17\TemplateMethod\TextFileProcessor\TextFileProcessor.csproj", "{02E96673-F8F0-426A-91A1-88BEAF08DA0B}"
EndProject
Project("{FAE04EC0-301F-11D3-BF4B-00C04F79EFBC}") = "LineCounter", "Chapter17\TemplateMethod\LineCounter\LineCounter.csproj", "{F6CD37CC-8896-4328-8B20-D0C0C7EF151A}"
EndProject
Project("{FAE04EC0-301F-11D3-BF4B-00C04F79EFBC}") = "Exercise1", "Chapter17\Exercise1\Exercise1\Exercise1.csproj", "{505DC897-E57D-4E6B-8B69-0823945A3CA7}"
EndProject
Project("{2150E333-8FDC-42A3-9474-1A3956D46DE8}") = "Strategy", "Strategy", "{B629E21A-B82A-428D-8820-77FBF97525FB}"
EndProject
Project("{FAE04EC0-301F-11D3-BF4B-00C04F79EFBC}") = "DistanceConverter", "Chapter17\Strategy\DistanceConverter\DistanceConverter.csproj", "{56524B6B-8D9E-4F35-B218-9E4814057780}"
EndProject
Project("{2150E333-8FDC-42A3-9474-1A3956D46DE8}") = "ADONET", "ADONET", "{0B160CA9-2C90-4603-A30F-73C617E4B1F4}"
EndProject
Project("{FAE04EC0-301F-11D3-BF4B-00C04F79EFBC}") = "DataBaseSample", "ADONET\DataBaseSample\DataBaseSample.csproj", "{4883DC13-664E-4B1C-A039-8688C44013E8}"
EndProject
Project("{FAE04EC0-301F-11D3-BF4B-00C04F79EFBC}") = "AddressBook", "ADONET\AddressBook\AddressBook.csproj", "{A502A5A2-B710-457C-A5EB-6CFBDFD4582C}"
EndProject
Project("{2150E333-8FDC-42A3-9474-1A3956D46DE8}") = "Chapter13", "Chapter13", "{AE412CD4-75E2-41E0-9AC5-A25EA446FB01}"
EndProject
Project("{FAE04EC0-301F-11D3-BF4B-00C04F79EFBC}") = "SampleEntityFramework", "Capter13\SampleEntityFramework\SampleEntityFramework.csproj", "{6522EB12-5241-461F-A5FF-12C51D571508}"
EndProject
Project("{2150E333-8FDC-42A3-9474-1A3956D46DE8}") = "Chapter15", "Chapter15", "{7E29AA5E-CE27-4E4D-847C-402BEE3B424A}"
EndProject
Project("{FAE04EC0-301F-11D3-BF4B-00C04F79EFBC}") = "Chapter15", "Chapter15\Chapter15\Chapter15.csproj", "{71A9C721-E083-43CF-9A4E-E77709A149F2}"
EndProject
Project("{FAE04EC0-301F-11D3-BF4B-00C04F79EFBC}") = "Exercise1", "Chapter15\Exercise1\Exercise1.csproj", "{E76CE3F4-7D1B-4A66-A0A4-8925D5500690}"
EndProject
Project("{2150E333-8FDC-42A3-9474-1A3956D46DE8}") = "WPF", "WPF", "{235CE1F7-A2AF-4FD4-BDD4-A80608C85285}"
EndProject
Project("{FAE04EC0-301F-11D3-BF4B-00C04F79EFBC}") = "SampleApplication", "WPF\SampleApplication\SampleApplication.csproj", "{60BDC0FC-165A-45DF-A790-4A1CEB1E0BE4}"
EndProject
Global
	GlobalSection(SolutionConfigurationPlatforms) = preSolution
		Debug|Any CPU = Debug|Any CPU
		Release|Any CPU = Release|Any CPU
	EndGlobalSection
	GlobalSection(ProjectConfigurationPlatforms) = postSolution
		{9712F4F9-F813-4D74-A591-D10858757637}.Debug|Any CPU.ActiveCfg = Debug|Any CPU
		{9712F4F9-F813-4D74-A591-D10858757637}.Debug|Any CPU.Build.0 = Debug|Any CPU
		{9712F4F9-F813-4D74-A591-D10858757637}.Release|Any CPU.ActiveCfg = Release|Any CPU
		{9712F4F9-F813-4D74-A591-D10858757637}.Release|Any CPU.Build.0 = Release|Any CPU
		{90D346A4-B982-4A00-9815-A8A7A10D045D}.Debug|Any CPU.ActiveCfg = Debug|Any CPU
		{90D346A4-B982-4A00-9815-A8A7A10D045D}.Debug|Any CPU.Build.0 = Debug|Any CPU
		{90D346A4-B982-4A00-9815-A8A7A10D045D}.Release|Any CPU.ActiveCfg = Release|Any CPU
		{90D346A4-B982-4A00-9815-A8A7A10D045D}.Release|Any CPU.Build.0 = Release|Any CPU
		{9CD2E90D-39D6-4AE0-8B40-58BF124E935A}.Debug|Any CPU.ActiveCfg = Debug|Any CPU
		{9CD2E90D-39D6-4AE0-8B40-58BF124E935A}.Debug|Any CPU.Build.0 = Debug|Any CPU
		{9CD2E90D-39D6-4AE0-8B40-58BF124E935A}.Release|Any CPU.ActiveCfg = Release|Any CPU
		{9CD2E90D-39D6-4AE0-8B40-58BF124E935A}.Release|Any CPU.Build.0 = Release|Any CPU
		{6608FFE3-0E58-4561-BCBF-39316C7C142D}.Debug|Any CPU.ActiveCfg = Debug|Any CPU
		{6608FFE3-0E58-4561-BCBF-39316C7C142D}.Debug|Any CPU.Build.0 = Debug|Any CPU
		{6608FFE3-0E58-4561-BCBF-39316C7C142D}.Release|Any CPU.ActiveCfg = Release|Any CPU
		{6608FFE3-0E58-4561-BCBF-39316C7C142D}.Release|Any CPU.Build.0 = Release|Any CPU
		{84493F12-6F3F-4E35-8BDF-620CBF225BD3}.Debug|Any CPU.ActiveCfg = Debug|Any CPU
		{84493F12-6F3F-4E35-8BDF-620CBF225BD3}.Debug|Any CPU.Build.0 = Debug|Any CPU
		{84493F12-6F3F-4E35-8BDF-620CBF225BD3}.Release|Any CPU.ActiveCfg = Release|Any CPU
		{84493F12-6F3F-4E35-8BDF-620CBF225BD3}.Release|Any CPU.Build.0 = Release|Any CPU
		{35E88179-AA84-4F35-8612-06D64194853C}.Debug|Any CPU.ActiveCfg = Debug|Any CPU
		{35E88179-AA84-4F35-8612-06D64194853C}.Debug|Any CPU.Build.0 = Debug|Any CPU
		{35E88179-AA84-4F35-8612-06D64194853C}.Release|Any CPU.ActiveCfg = Release|Any CPU
		{35E88179-AA84-4F35-8612-06D64194853C}.Release|Any CPU.Build.0 = Release|Any CPU
		{D13D828E-5B8B-4051-8D31-AA8B978714C9}.Debug|Any CPU.ActiveCfg = Debug|Any CPU
		{D13D828E-5B8B-4051-8D31-AA8B978714C9}.Debug|Any CPU.Build.0 = Debug|Any CPU
		{D13D828E-5B8B-4051-8D31-AA8B978714C9}.Release|Any CPU.ActiveCfg = Release|Any CPU
		{D13D828E-5B8B-4051-8D31-AA8B978714C9}.Release|Any CPU.Build.0 = Release|Any CPU
		{63998523-E9B2-455E-8325-4B7C2AE673E2}.Debug|Any CPU.ActiveCfg = Debug|Any CPU
		{63998523-E9B2-455E-8325-4B7C2AE673E2}.Debug|Any CPU.Build.0 = Debug|Any CPU
		{63998523-E9B2-455E-8325-4B7C2AE673E2}.Release|Any CPU.ActiveCfg = Release|Any CPU
		{63998523-E9B2-455E-8325-4B7C2AE673E2}.Release|Any CPU.Build.0 = Release|Any CPU
		{B5A68BE2-1131-411D-BA14-C1BDAEFE2BFC}.Debug|Any CPU.ActiveCfg = Debug|Any CPU
		{B5A68BE2-1131-411D-BA14-C1BDAEFE2BFC}.Debug|Any CPU.Build.0 = Debug|Any CPU
		{B5A68BE2-1131-411D-BA14-C1BDAEFE2BFC}.Release|Any CPU.ActiveCfg = Release|Any CPU
		{B5A68BE2-1131-411D-BA14-C1BDAEFE2BFC}.Release|Any CPU.Build.0 = Release|Any CPU
		{6AB67DAF-D832-4771-96A5-77E859E1F33D}.Debug|Any CPU.ActiveCfg = Debug|Any CPU
		{6AB67DAF-D832-4771-96A5-77E859E1F33D}.Debug|Any CPU.Build.0 = Debug|Any CPU
		{6AB67DAF-D832-4771-96A5-77E859E1F33D}.Release|Any CPU.ActiveCfg = Release|Any CPU
		{6AB67DAF-D832-4771-96A5-77E859E1F33D}.Release|Any CPU.Build.0 = Release|Any CPU
		{0E45A042-6CB8-4C40-8C89-140148D219B1}.Debug|Any CPU.ActiveCfg = Debug|Any CPU
		{0E45A042-6CB8-4C40-8C89-140148D219B1}.Debug|Any CPU.Build.0 = Debug|Any CPU
		{0E45A042-6CB8-4C40-8C89-140148D219B1}.Release|Any CPU.ActiveCfg = Release|Any CPU
		{0E45A042-6CB8-4C40-8C89-140148D219B1}.Release|Any CPU.Build.0 = Release|Any CPU
		{985F2F74-137F-4139-9CCF-ACC834849805}.Debug|Any CPU.ActiveCfg = Debug|Any CPU
		{985F2F74-137F-4139-9CCF-ACC834849805}.Debug|Any CPU.Build.0 = Debug|Any CPU
		{985F2F74-137F-4139-9CCF-ACC834849805}.Release|Any CPU.ActiveCfg = Release|Any CPU
		{985F2F74-137F-4139-9CCF-ACC834849805}.Release|Any CPU.Build.0 = Release|Any CPU
		{6974B376-973C-4E95-8961-E3F0242EE882}.Debug|Any CPU.ActiveCfg = Debug|Any CPU
		{6974B376-973C-4E95-8961-E3F0242EE882}.Debug|Any CPU.Build.0 = Debug|Any CPU
		{6974B376-973C-4E95-8961-E3F0242EE882}.Release|Any CPU.ActiveCfg = Release|Any CPU
		{6974B376-973C-4E95-8961-E3F0242EE882}.Release|Any CPU.Build.0 = Release|Any CPU
		{DA394087-47F7-47FC-B327-1005200DA312}.Debug|Any CPU.ActiveCfg = Debug|Any CPU
		{DA394087-47F7-47FC-B327-1005200DA312}.Debug|Any CPU.Build.0 = Debug|Any CPU
		{DA394087-47F7-47FC-B327-1005200DA312}.Release|Any CPU.ActiveCfg = Release|Any CPU
		{DA394087-47F7-47FC-B327-1005200DA312}.Release|Any CPU.Build.0 = Release|Any CPU
		{62C02265-8514-46F3-B2DF-A134F3400AAB}.Debug|Any CPU.ActiveCfg = Debug|Any CPU
		{62C02265-8514-46F3-B2DF-A134F3400AAB}.Debug|Any CPU.Build.0 = Debug|Any CPU
		{62C02265-8514-46F3-B2DF-A134F3400AAB}.Release|Any CPU.ActiveCfg = Release|Any CPU
		{62C02265-8514-46F3-B2DF-A134F3400AAB}.Release|Any CPU.Build.0 = Release|Any CPU
		{87B85D45-0D0F-44C8-AAC0-19D7F2220B91}.Debug|Any CPU.ActiveCfg = Debug|Any CPU
		{87B85D45-0D0F-44C8-AAC0-19D7F2220B91}.Debug|Any CPU.Build.0 = Debug|Any CPU
		{87B85D45-0D0F-44C8-AAC0-19D7F2220B91}.Release|Any CPU.ActiveCfg = Release|Any CPU
		{87B85D45-0D0F-44C8-AAC0-19D7F2220B91}.Release|Any CPU.Build.0 = Release|Any CPU
		{19BE4064-E824-4A32-8064-337A353D3B81}.Debug|Any CPU.ActiveCfg = Debug|Any CPU
		{19BE4064-E824-4A32-8064-337A353D3B81}.Debug|Any CPU.Build.0 = Debug|Any CPU
		{19BE4064-E824-4A32-8064-337A353D3B81}.Release|Any CPU.ActiveCfg = Release|Any CPU
		{19BE4064-E824-4A32-8064-337A353D3B81}.Release|Any CPU.Build.0 = Release|Any CPU
		{664DD0D9-DB6F-4EB5-BD3A-C5EF8F91BC6A}.Debug|Any CPU.ActiveCfg = Debug|Any CPU
		{664DD0D9-DB6F-4EB5-BD3A-C5EF8F91BC6A}.Debug|Any CPU.Build.0 = Debug|Any CPU
		{664DD0D9-DB6F-4EB5-BD3A-C5EF8F91BC6A}.Release|Any CPU.ActiveCfg = Release|Any CPU
		{664DD0D9-DB6F-4EB5-BD3A-C5EF8F91BC6A}.Release|Any CPU.Build.0 = Release|Any CPU
		{2BFACDC3-F44D-4199-8498-F5C3C4AC0335}.Debug|Any CPU.ActiveCfg = Debug|Any CPU
		{2BFACDC3-F44D-4199-8498-F5C3C4AC0335}.Debug|Any CPU.Build.0 = Debug|Any CPU
		{2BFACDC3-F44D-4199-8498-F5C3C4AC0335}.Release|Any CPU.ActiveCfg = Release|Any CPU
		{2BFACDC3-F44D-4199-8498-F5C3C4AC0335}.Release|Any CPU.Build.0 = Release|Any CPU
		{E461C0A8-8900-485C-B520-E929BA33F712}.Debug|Any CPU.ActiveCfg = Debug|Any CPU
		{E461C0A8-8900-485C-B520-E929BA33F712}.Debug|Any CPU.Build.0 = Debug|Any CPU
		{E461C0A8-8900-485C-B520-E929BA33F712}.Release|Any CPU.ActiveCfg = Release|Any CPU
		{E461C0A8-8900-485C-B520-E929BA33F712}.Release|Any CPU.Build.0 = Release|Any CPU
		{074507D6-0601-4336-8583-F29E52C3DE84}.Debug|Any CPU.ActiveCfg = Debug|Any CPU
		{074507D6-0601-4336-8583-F29E52C3DE84}.Debug|Any CPU.Build.0 = Debug|Any CPU
		{074507D6-0601-4336-8583-F29E52C3DE84}.Release|Any CPU.ActiveCfg = Release|Any CPU
		{074507D6-0601-4336-8583-F29E52C3DE84}.Release|Any CPU.Build.0 = Release|Any CPU
		{806EDA8A-00F9-4BCF-A7CA-50244D32A2CB}.Debug|Any CPU.ActiveCfg = Debug|Any CPU
		{806EDA8A-00F9-4BCF-A7CA-50244D32A2CB}.Debug|Any CPU.Build.0 = Debug|Any CPU
		{806EDA8A-00F9-4BCF-A7CA-50244D32A2CB}.Release|Any CPU.ActiveCfg = Release|Any CPU
		{806EDA8A-00F9-4BCF-A7CA-50244D32A2CB}.Release|Any CPU.Build.0 = Release|Any CPU
		{40B6A964-FF13-45D3-8691-8DC3D694D933}.Debug|Any CPU.ActiveCfg = Debug|Any CPU
		{40B6A964-FF13-45D3-8691-8DC3D694D933}.Debug|Any CPU.Build.0 = Debug|Any CPU
		{40B6A964-FF13-45D3-8691-8DC3D694D933}.Release|Any CPU.ActiveCfg = Release|Any CPU
		{40B6A964-FF13-45D3-8691-8DC3D694D933}.Release|Any CPU.Build.0 = Release|Any CPU
		{86A96E00-6E5A-4D36-924E-DA6DF7F6586C}.Debug|Any CPU.ActiveCfg = Debug|Any CPU
		{86A96E00-6E5A-4D36-924E-DA6DF7F6586C}.Debug|Any CPU.Build.0 = Debug|Any CPU
		{86A96E00-6E5A-4D36-924E-DA6DF7F6586C}.Release|Any CPU.ActiveCfg = Release|Any CPU
		{86A96E00-6E5A-4D36-924E-DA6DF7F6586C}.Release|Any CPU.Build.0 = Release|Any CPU
		{F36FA059-15C9-4C45-900B-156A4C39C6B4}.Debug|Any CPU.ActiveCfg = Debug|Any CPU
		{F36FA059-15C9-4C45-900B-156A4C39C6B4}.Debug|Any CPU.Build.0 = Debug|Any CPU
		{F36FA059-15C9-4C45-900B-156A4C39C6B4}.Release|Any CPU.ActiveCfg = Release|Any CPU
		{F36FA059-15C9-4C45-900B-156A4C39C6B4}.Release|Any CPU.Build.0 = Release|Any CPU
		{EE9FD444-97A7-476C-9BBA-90AC3050FF1C}.Debug|Any CPU.ActiveCfg = Debug|Any CPU
		{EE9FD444-97A7-476C-9BBA-90AC3050FF1C}.Debug|Any CPU.Build.0 = Debug|Any CPU
		{EE9FD444-97A7-476C-9BBA-90AC3050FF1C}.Release|Any CPU.ActiveCfg = Release|Any CPU
		{EE9FD444-97A7-476C-9BBA-90AC3050FF1C}.Release|Any CPU.Build.0 = Release|Any CPU
		{DD7C1F8B-F3A8-435E-8669-9917FC32B86D}.Debug|Any CPU.ActiveCfg = Debug|Any CPU
		{DD7C1F8B-F3A8-435E-8669-9917FC32B86D}.Debug|Any CPU.Build.0 = Debug|Any CPU
		{DD7C1F8B-F3A8-435E-8669-9917FC32B86D}.Release|Any CPU.ActiveCfg = Release|Any CPU
		{DD7C1F8B-F3A8-435E-8669-9917FC32B86D}.Release|Any CPU.Build.0 = Release|Any CPU
		{B081404B-851B-495F-B5B6-25D1C1FE2F9B}.Debug|Any CPU.ActiveCfg = Debug|Any CPU
		{B081404B-851B-495F-B5B6-25D1C1FE2F9B}.Debug|Any CPU.Build.0 = Debug|Any CPU
		{B081404B-851B-495F-B5B6-25D1C1FE2F9B}.Release|Any CPU.ActiveCfg = Release|Any CPU
		{B081404B-851B-495F-B5B6-25D1C1FE2F9B}.Release|Any CPU.Build.0 = Release|Any CPU
		{889DB3BC-ECDE-4DBD-A615-D19684922B17}.Debug|Any CPU.ActiveCfg = Debug|Any CPU
		{889DB3BC-ECDE-4DBD-A615-D19684922B17}.Debug|Any CPU.Build.0 = Debug|Any CPU
		{889DB3BC-ECDE-4DBD-A615-D19684922B17}.Release|Any CPU.ActiveCfg = Release|Any CPU
		{889DB3BC-ECDE-4DBD-A615-D19684922B17}.Release|Any CPU.Build.0 = Release|Any CPU
		{8E62C4BA-9AF3-4A52-BFD1-BD24AA62C4AC}.Debug|Any CPU.ActiveCfg = Debug|Any CPU
		{8E62C4BA-9AF3-4A52-BFD1-BD24AA62C4AC}.Debug|Any CPU.Build.0 = Debug|Any CPU
		{8E62C4BA-9AF3-4A52-BFD1-BD24AA62C4AC}.Release|Any CPU.ActiveCfg = Release|Any CPU
		{8E62C4BA-9AF3-4A52-BFD1-BD24AA62C4AC}.Release|Any CPU.Build.0 = Release|Any CPU
		{02E96673-F8F0-426A-91A1-88BEAF08DA0B}.Debug|Any CPU.ActiveCfg = Debug|Any CPU
		{02E96673-F8F0-426A-91A1-88BEAF08DA0B}.Debug|Any CPU.Build.0 = Debug|Any CPU
		{02E96673-F8F0-426A-91A1-88BEAF08DA0B}.Release|Any CPU.ActiveCfg = Release|Any CPU
		{02E96673-F8F0-426A-91A1-88BEAF08DA0B}.Release|Any CPU.Build.0 = Release|Any CPU
		{F6CD37CC-8896-4328-8B20-D0C0C7EF151A}.Debug|Any CPU.ActiveCfg = Debug|Any CPU
		{F6CD37CC-8896-4328-8B20-D0C0C7EF151A}.Debug|Any CPU.Build.0 = Debug|Any CPU
		{F6CD37CC-8896-4328-8B20-D0C0C7EF151A}.Release|Any CPU.ActiveCfg = Release|Any CPU
		{F6CD37CC-8896-4328-8B20-D0C0C7EF151A}.Release|Any CPU.Build.0 = Release|Any CPU
		{505DC897-E57D-4E6B-8B69-0823945A3CA7}.Debug|Any CPU.ActiveCfg = Debug|Any CPU
		{505DC897-E57D-4E6B-8B69-0823945A3CA7}.Debug|Any CPU.Build.0 = Debug|Any CPU
		{505DC897-E57D-4E6B-8B69-0823945A3CA7}.Release|Any CPU.ActiveCfg = Release|Any CPU
		{505DC897-E57D-4E6B-8B69-0823945A3CA7}.Release|Any CPU.Build.0 = Release|Any CPU
		{56524B6B-8D9E-4F35-B218-9E4814057780}.Debug|Any CPU.ActiveCfg = Debug|Any CPU
		{56524B6B-8D9E-4F35-B218-9E4814057780}.Debug|Any CPU.Build.0 = Debug|Any CPU
		{56524B6B-8D9E-4F35-B218-9E4814057780}.Release|Any CPU.ActiveCfg = Release|Any CPU
		{56524B6B-8D9E-4F35-B218-9E4814057780}.Release|Any CPU.Build.0 = Release|Any CPU
		{4883DC13-664E-4B1C-A039-8688C44013E8}.Debug|Any CPU.ActiveCfg = Debug|Any CPU
		{4883DC13-664E-4B1C-A039-8688C44013E8}.Debug|Any CPU.Build.0 = Debug|Any CPU
		{4883DC13-664E-4B1C-A039-8688C44013E8}.Release|Any CPU.ActiveCfg = Release|Any CPU
		{4883DC13-664E-4B1C-A039-8688C44013E8}.Release|Any CPU.Build.0 = Release|Any CPU
		{A502A5A2-B710-457C-A5EB-6CFBDFD4582C}.Debug|Any CPU.ActiveCfg = Debug|Any CPU
		{A502A5A2-B710-457C-A5EB-6CFBDFD4582C}.Debug|Any CPU.Build.0 = Debug|Any CPU
		{A502A5A2-B710-457C-A5EB-6CFBDFD4582C}.Release|Any CPU.ActiveCfg = Release|Any CPU
		{A502A5A2-B710-457C-A5EB-6CFBDFD4582C}.Release|Any CPU.Build.0 = Release|Any CPU
		{6522EB12-5241-461F-A5FF-12C51D571508}.Debug|Any CPU.ActiveCfg = Debug|Any CPU
		{6522EB12-5241-461F-A5FF-12C51D571508}.Debug|Any CPU.Build.0 = Debug|Any CPU
		{6522EB12-5241-461F-A5FF-12C51D571508}.Release|Any CPU.ActiveCfg = Release|Any CPU
		{6522EB12-5241-461F-A5FF-12C51D571508}.Release|Any CPU.Build.0 = Release|Any CPU
		{71A9C721-E083-43CF-9A4E-E77709A149F2}.Debug|Any CPU.ActiveCfg = Debug|Any CPU
		{71A9C721-E083-43CF-9A4E-E77709A149F2}.Debug|Any CPU.Build.0 = Debug|Any CPU
		{71A9C721-E083-43CF-9A4E-E77709A149F2}.Release|Any CPU.ActiveCfg = Release|Any CPU
		{71A9C721-E083-43CF-9A4E-E77709A149F2}.Release|Any CPU.Build.0 = Release|Any CPU
		{E76CE3F4-7D1B-4A66-A0A4-8925D5500690}.Debug|Any CPU.ActiveCfg = Debug|Any CPU
		{E76CE3F4-7D1B-4A66-A0A4-8925D5500690}.Debug|Any CPU.Build.0 = Debug|Any CPU
		{E76CE3F4-7D1B-4A66-A0A4-8925D5500690}.Release|Any CPU.ActiveCfg = Release|Any CPU
		{E76CE3F4-7D1B-4A66-A0A4-8925D5500690}.Release|Any CPU.Build.0 = Release|Any CPU
		{60BDC0FC-165A-45DF-A790-4A1CEB1E0BE4}.Debug|Any CPU.ActiveCfg = Debug|Any CPU
		{60BDC0FC-165A-45DF-A790-4A1CEB1E0BE4}.Debug|Any CPU.Build.0 = Debug|Any CPU
		{60BDC0FC-165A-45DF-A790-4A1CEB1E0BE4}.Release|Any CPU.ActiveCfg = Release|Any CPU
		{60BDC0FC-165A-45DF-A790-4A1CEB1E0BE4}.Release|Any CPU.Build.0 = Release|Any CPU
	EndGlobalSection
	GlobalSection(SolutionProperties) = preSolution
		HideSolutionNode = FALSE
	EndGlobalSection
	GlobalSection(NestedProjects) = preSolution
		{9712F4F9-F813-4D74-A591-D10858757637} = {74323840-E13E-4498-BCFF-C65097374C0A}
		{90D346A4-B982-4A00-9815-A8A7A10D045D} = {74323840-E13E-4498-BCFF-C65097374C0A}
		{9CD2E90D-39D6-4AE0-8B40-58BF124E935A} = {74323840-E13E-4498-BCFF-C65097374C0A}
		{6608FFE3-0E58-4561-BCBF-39316C7C142D} = {74323840-E13E-4498-BCFF-C65097374C0A}
		{84493F12-6F3F-4E35-8BDF-620CBF225BD3} = {EB9DB6D0-E34B-425F-8ECA-59C19EF514C6}
		{35E88179-AA84-4F35-8612-06D64194853C} = {EB9DB6D0-E34B-425F-8ECA-59C19EF514C6}
		{D13D828E-5B8B-4051-8D31-AA8B978714C9} = {EB9DB6D0-E34B-425F-8ECA-59C19EF514C6}
		{63998523-E9B2-455E-8325-4B7C2AE673E2} = {EB9DB6D0-E34B-425F-8ECA-59C19EF514C6}
		{B5A68BE2-1131-411D-BA14-C1BDAEFE2BFC} = {3A1D0DA3-9CFC-4338-A1CA-0886B3D7291F}
		{6AB67DAF-D832-4771-96A5-77E859E1F33D} = {3A1D0DA3-9CFC-4338-A1CA-0886B3D7291F}
		{0E45A042-6CB8-4C40-8C89-140148D219B1} = {195E34D2-10AA-422D-BC9A-09B824DE5322}
		{985F2F74-137F-4139-9CCF-ACC834849805} = {195E34D2-10AA-422D-BC9A-09B824DE5322}
		{6974B376-973C-4E95-8961-E3F0242EE882} = {195E34D2-10AA-422D-BC9A-09B824DE5322}
		{DA394087-47F7-47FC-B327-1005200DA312} = {195E34D2-10AA-422D-BC9A-09B824DE5322}
		{62C02265-8514-46F3-B2DF-A134F3400AAB} = {54143BD0-EE35-43E2-80AE-17FDE2E03C5D}
		{87B85D45-0D0F-44C8-AAC0-19D7F2220B91} = {45578DD9-E0EC-4FD2-B9EA-7565EDBFED96}
		{19BE4064-E824-4A32-8064-337A353D3B81} = {45578DD9-E0EC-4FD2-B9EA-7565EDBFED96}
		{664DD0D9-DB6F-4EB5-BD3A-C5EF8F91BC6A} = {45578DD9-E0EC-4FD2-B9EA-7565EDBFED96}
		{2BFACDC3-F44D-4199-8498-F5C3C4AC0335} = {609679C5-3135-4AEC-988A-3552BCCB7099}
		{E461C0A8-8900-485C-B520-E929BA33F712} = {609679C5-3135-4AEC-988A-3552BCCB7099}
		{074507D6-0601-4336-8583-F29E52C3DE84} = {2F9BEC1C-B84B-4881-AB49-1B34DB68EC90}
		{806EDA8A-00F9-4BCF-A7CA-50244D32A2CB} = {2F9BEC1C-B84B-4881-AB49-1B34DB68EC90}
		{40B6A964-FF13-45D3-8691-8DC3D694D933} = {2F9BEC1C-B84B-4881-AB49-1B34DB68EC90}
		{86A96E00-6E5A-4D36-924E-DA6DF7F6586C} = {713407FA-94A3-4A30-8FE5-E6EA9C5FD08C}
		{F36FA059-15C9-4C45-900B-156A4C39C6B4} = {713407FA-94A3-4A30-8FE5-E6EA9C5FD08C}
		{EE9FD444-97A7-476C-9BBA-90AC3050FF1C} = {713407FA-94A3-4A30-8FE5-E6EA9C5FD08C}
		{DD7C1F8B-F3A8-435E-8669-9917FC32B86D} = {713407FA-94A3-4A30-8FE5-E6EA9C5FD08C}
		{B081404B-851B-495F-B5B6-25D1C1FE2F9B} = {0C414AB8-A8DA-4897-86B0-61B8E0352A06}
		{889DB3BC-ECDE-4DBD-A615-D19684922B17} = {2CAD43ED-AB02-4B44-B6E7-DD024BBBC2CE}
		{8E62C4BA-9AF3-4A52-BFD1-BD24AA62C4AC} = {6E676E6B-0230-4D2A-BE45-CFA2FF2B2A7B}
		{6FA75630-37E5-4D6B-BD5C-C8B043F52EF2} = {6E676E6B-0230-4D2A-BE45-CFA2FF2B2A7B}
		{02E96673-F8F0-426A-91A1-88BEAF08DA0B} = {6FA75630-37E5-4D6B-BD5C-C8B043F52EF2}
		{F6CD37CC-8896-4328-8B20-D0C0C7EF151A} = {6FA75630-37E5-4D6B-BD5C-C8B043F52EF2}
		{505DC897-E57D-4E6B-8B69-0823945A3CA7} = {6E676E6B-0230-4D2A-BE45-CFA2FF2B2A7B}
		{B629E21A-B82A-428D-8820-77FBF97525FB} = {6E676E6B-0230-4D2A-BE45-CFA2FF2B2A7B}
		{56524B6B-8D9E-4F35-B218-9E4814057780} = {B629E21A-B82A-428D-8820-77FBF97525FB}
		{4883DC13-664E-4B1C-A039-8688C44013E8} = {0B160CA9-2C90-4603-A30F-73C617E4B1F4}
		{A502A5A2-B710-457C-A5EB-6CFBDFD4582C} = {0B160CA9-2C90-4603-A30F-73C617E4B1F4}
		{6522EB12-5241-461F-A5FF-12C51D571508} = {AE412CD4-75E2-41E0-9AC5-A25EA446FB01}
		{71A9C721-E083-43CF-9A4E-E77709A149F2} = {7E29AA5E-CE27-4E4D-847C-402BEE3B424A}
		{E76CE3F4-7D1B-4A66-A0A4-8925D5500690} = {7E29AA5E-CE27-4E4D-847C-402BEE3B424A}
		{60BDC0FC-165A-45DF-A790-4A1CEB1E0BE4} = {235CE1F7-A2AF-4FD4-BDD4-A80608C85285}
	EndGlobalSection
	GlobalSection(ExtensibilityGlobals) = postSolution
		SolutionGuid = {B492161C-E013-4C30-A0D1-159879055BEA}
	EndGlobalSection
EndGlobal
